// !$*UTF8*$!
{
	archiveVersion = 1;
	classes = {
	};
	objectVersion = 56;
	objects = {

/* Begin PBXBuildFile section */
		AE9C286D2B0F249600D64A76 /* AppDelegate.swift in Sources */ = {isa = PBXBuildFile; fileRef = AE9C286C2B0F249600D64A76 /* AppDelegate.swift */; };
		AE9C286F2B0F249600D64A76 /* SceneDelegate.swift in Sources */ = {isa = PBXBuildFile; fileRef = AE9C286E2B0F249600D64A76 /* SceneDelegate.swift */; };
		AE9C28712B0F249600D64A76 /* CurrentViewController.swift in Sources */ = {isa = PBXBuildFile; fileRef = AE9C28702B0F249600D64A76 /* CurrentViewController.swift */; };
		AE9C28742B0F249600D64A76 /* Main.storyboard in Resources */ = {isa = PBXBuildFile; fileRef = AE9C28722B0F249600D64A76 /* Main.storyboard */; };
		AE9C28762B0F249700D64A76 /* Assets.xcassets in Resources */ = {isa = PBXBuildFile; fileRef = AE9C28752B0F249700D64A76 /* Assets.xcassets */; };
		AE9C28792B0F249700D64A76 /* LaunchScreen.storyboard in Resources */ = {isa = PBXBuildFile; fileRef = AE9C28772B0F249700D64A76 /* LaunchScreen.storyboard */; };
		AE9C28812B0F25AA00D64A76 /* TableViewController.swift in Sources */ = {isa = PBXBuildFile; fileRef = AE9C28802B0F25AA00D64A76 /* TableViewController.swift */; };
		AE9C28832B0F25E700D64A76 /* TableViewHolderView.swift in Sources */ = {isa = PBXBuildFile; fileRef = AE9C28822B0F25E700D64A76 /* TableViewHolderView.swift */; };
		AE9C28882B0F29AA00D64A76 /* TableViewCell.swift in Sources */ = {isa = PBXBuildFile; fileRef = AE9C28862B0F29AA00D64A76 /* TableViewCell.swift */; };
		AE9C28892B0F29AA00D64A76 /* TableViewCell.xib in Resources */ = {isa = PBXBuildFile; fileRef = AE9C28872B0F29AA00D64A76 /* TableViewCell.xib */; };
		AE9C288B2B0F2F2300D64A76 /* TestViewController.swift in Sources */ = {isa = PBXBuildFile; fileRef = AE9C288A2B0F2F2300D64A76 /* TestViewController.swift */; };
		AE9C288D2B0F38F400D64A76 /* TableStackView.swift in Sources */ = {isa = PBXBuildFile; fileRef = AE9C288C2B0F38F400D64A76 /* TableStackView.swift */; };
/* End PBXBuildFile section */

/* Begin PBXFileReference section */
		AE9C28692B0F249600D64A76 /* TestTableView.app */ = {isa = PBXFileReference; explicitFileType = wrapper.application; includeInIndex = 0; path = TestTableView.app; sourceTree = BUILT_PRODUCTS_DIR; };
		AE9C286C2B0F249600D64A76 /* AppDelegate.swift */ = {isa = PBXFileReference; lastKnownFileType = sourcecode.swift; path = AppDelegate.swift; sourceTree = "<group>"; };
		AE9C286E2B0F249600D64A76 /* SceneDelegate.swift */ = {isa = PBXFileReference; lastKnownFileType = sourcecode.swift; path = SceneDelegate.swift; sourceTree = "<group>"; };
		AE9C28702B0F249600D64A76 /* CurrentViewController.swift */ = {isa = PBXFileReference; lastKnownFileType = sourcecode.swift; path = CurrentViewController.swift; sourceTree = "<group>"; };
		AE9C28732B0F249600D64A76 /* Base */ = {isa = PBXFileReference; lastKnownFileType = file.storyboard; name = Base; path = Base.lproj/Main.storyboard; sourceTree = "<group>"; };
		AE9C28752B0F249700D64A76 /* Assets.xcassets */ = {isa = PBXFileReference; lastKnownFileType = folder.assetcatalog; path = Assets.xcassets; sourceTree = "<group>"; };
		AE9C28782B0F249700D64A76 /* Base */ = {isa = PBXFileReference; lastKnownFileType = file.storyboard; name = Base; path = Base.lproj/LaunchScreen.storyboard; sourceTree = "<group>"; };
		AE9C287A2B0F249700D64A76 /* Info.plist */ = {isa = PBXFileReference; lastKnownFileType = text.plist.xml; path = Info.plist; sourceTree = "<group>"; };
		AE9C28802B0F25AA00D64A76 /* TableViewController.swift */ = {isa = PBXFileReference; lastKnownFileType = sourcecode.swift; path = TableViewController.swift; sourceTree = "<group>"; };
		AE9C28822B0F25E700D64A76 /* TableViewHolderView.swift */ = {isa = PBXFileReference; lastKnownFileType = sourcecode.swift; path = TableViewHolderView.swift; sourceTree = "<group>"; };
		AE9C28862B0F29AA00D64A76 /* TableViewCell.swift */ = {isa = PBXFileReference; lastKnownFileType = sourcecode.swift; path = TableViewCell.swift; sourceTree = "<group>"; };
		AE9C28872B0F29AA00D64A76 /* TableViewCell.xib */ = {isa = PBXFileReference; lastKnownFileType = file.xib; path = TableViewCell.xib; sourceTree = "<group>"; };
		AE9C288A2B0F2F2300D64A76 /* TestViewController.swift */ = {isa = PBXFileReference; lastKnownFileType = sourcecode.swift; path = TestViewController.swift; sourceTree = "<group>"; };
		AE9C288C2B0F38F400D64A76 /* TableStackView.swift */ = {isa = PBXFileReference; lastKnownFileType = sourcecode.swift; path = TableStackView.swift; sourceTree = "<group>"; };
/* End PBXFileReference section */

/* Begin PBXFrameworksBuildPhase section */
		AE9C28662B0F249600D64A76 /* Frameworks */ = {
			isa = PBXFrameworksBuildPhase;
			buildActionMask = 2147483647;
			files = (
			);
			runOnlyForDeploymentPostprocessing = 0;
		};
/* End PBXFrameworksBuildPhase section */

/* Begin PBXGroup section */
		AE9C28602B0F249600D64A76 = {
			isa = PBXGroup;
			children = (
				AE9C286B2B0F249600D64A76 /* TestTableView */,
				AE9C286A2B0F249600D64A76 /* Products */,
			);
			sourceTree = "<group>";
		};
		AE9C286A2B0F249600D64A76 /* Products */ = {
			isa = PBXGroup;
			children = (
				AE9C28692B0F249600D64A76 /* TestTableView.app */,
			);
			name = Products;
			sourceTree = "<group>";
		};
		AE9C286B2B0F249600D64A76 /* TestTableView */ = {
			isa = PBXGroup;
			children = (
				AE9C286C2B0F249600D64A76 /* AppDelegate.swift */,
				AE9C286E2B0F249600D64A76 /* SceneDelegate.swift */,
				AE9C28702B0F249600D64A76 /* CurrentViewController.swift */,
				AE9C28802B0F25AA00D64A76 /* TableViewController.swift */,
				AE9C28722B0F249600D64A76 /* Main.storyboard */,
				AE9C288A2B0F2F2300D64A76 /* TestViewController.swift */,
				AE9C28752B0F249700D64A76 /* Assets.xcassets */,
				AE9C28772B0F249700D64A76 /* LaunchScreen.storyboard */,
				AE9C287A2B0F249700D64A76 /* Info.plist */,
				AE9C28822B0F25E700D64A76 /* TableViewHolderView.swift */,
				AE9C288C2B0F38F400D64A76 /* TableStackView.swift */,
				AE9C28862B0F29AA00D64A76 /* TableViewCell.swift */,
				AE9C28872B0F29AA00D64A76 /* TableViewCell.xib */,
			);
			path = TestTableView;
			sourceTree = "<group>";
		};
/* End PBXGroup section */

/* Begin PBXNativeTarget section */
		AE9C28682B0F249600D64A76 /* TestTableView */ = {
			isa = PBXNativeTarget;
			buildConfigurationList = AE9C287D2B0F249700D64A76 /* Build configuration list for PBXNativeTarget "TestTableView" */;
			buildPhases = (
				AE9C28652B0F249600D64A76 /* Sources */,
				AE9C28662B0F249600D64A76 /* Frameworks */,
				AE9C28672B0F249600D64A76 /* Resources */,
			);
			buildRules = (
			);
			dependencies = (
			);
			name = TestTableView;
			productName = TestTableView;
			productReference = AE9C28692B0F249600D64A76 /* TestTableView.app */;
			productType = "com.apple.product-type.application";
		};
/* End PBXNativeTarget section */

/* Begin PBXProject section */
		AE9C28612B0F249600D64A76 /* Project object */ = {
			isa = PBXProject;
			attributes = {
				BuildIndependentTargetsInParallel = 1;
				LastSwiftUpdateCheck = 1500;
				LastUpgradeCheck = 1500;
				TargetAttributes = {
					AE9C28682B0F249600D64A76 = {
						CreatedOnToolsVersion = 15.0.1;
					};
				};
			};
			buildConfigurationList = AE9C28642B0F249600D64A76 /* Build configuration list for PBXProject "TestTableView" */;
			compatibilityVersion = "Xcode 14.0";
			developmentRegion = en;
			hasScannedForEncodings = 0;
			knownRegions = (
				en,
				Base,
			);
			mainGroup = AE9C28602B0F249600D64A76;
			productRefGroup = AE9C286A2B0F249600D64A76 /* Products */;
			projectDirPath = "";
			projectRoot = "";
			targets = (
				AE9C28682B0F249600D64A76 /* TestTableView */,
			);
		};
/* End PBXProject section */

/* Begin PBXResourcesBuildPhase section */
		AE9C28672B0F249600D64A76 /* Resources */ = {
			isa = PBXResourcesBuildPhase;
			buildActionMask = 2147483647;
			files = (
				AE9C28892B0F29AA00D64A76 /* TableViewCell.xib in Resources */,
				AE9C28792B0F249700D64A76 /* LaunchScreen.storyboard in Resources */,
				AE9C28762B0F249700D64A76 /* Assets.xcassets in Resources */,
				AE9C28742B0F249600D64A76 /* Main.storyboard in Resources */,
			);
			runOnlyForDeploymentPostprocessing = 0;
		};
/* End PBXResourcesBuildPhase section */

/* Begin PBXSourcesBuildPhase section */
		AE9C28652B0F249600D64A76 /* Sources */ = {
			isa = PBXSourcesBuildPhase;
			buildActionMask = 2147483647;
			files = (
				AE9C288D2B0F38F400D64A76 /* TableStackView.swift in Sources */,
				AE9C288B2B0F2F2300D64A76 /* TestViewController.swift in Sources */,
				AE9C28832B0F25E700D64A76 /* TableViewHolderView.swift in Sources */,
				AE9C28712B0F249600D64A76 /* CurrentViewController.swift in Sources */,
				AE9C286D2B0F249600D64A76 /* AppDelegate.swift in Sources */,
				AE9C28882B0F29AA00D64A76 /* TableViewCell.swift in Sources */,
				AE9C286F2B0F249600D64A76 /* SceneDelegate.swift in Sources */,
				AE9C28812B0F25AA00D64A76 /* TableViewController.swift in Sources */,
			);
			runOnlyForDeploymentPostprocessing = 0;
		};
/* End PBXSourcesBuildPhase section */

/* Begin PBXVariantGroup section */
		AE9C28722B0F249600D64A76 /* Main.storyboard */ = {
			isa = PBXVariantGroup;
			children = (
				AE9C28732B0F249600D64A76 /* Base */,
			);
			name = Main.storyboard;
			sourceTree = "<group>";
		};
		AE9C28772B0F249700D64A76 /* LaunchScreen.storyboard */ = {
			isa = PBXVariantGroup;
			children = (
				AE9C28782B0F249700D64A76 /* Base */,
			);
			name = LaunchScreen.storyboard;
			sourceTree = "<group>";
		};
/* End PBXVariantGroup section */

/* Begin XCBuildConfiguration section */
		AE9C287B2B0F249700D64A76 /* Debug */ = {
			isa = XCBuildConfiguration;
			buildSettings = {
				ALWAYS_SEARCH_USER_PATHS = NO;
				ASSETCATALOG_COMPILER_GENERATE_SWIFT_ASSET_SYMBOL_EXTENSIONS = YES;
				CLANG_ANALYZER_NONNULL = YES;
				CLANG_ANALYZER_NUMBER_OBJECT_CONVERSION = YES_AGGRESSIVE;
				CLANG_CXX_LANGUAGE_STANDARD = "gnu++20";
				CLANG_ENABLE_MODULES = YES;
				CLANG_ENABLE_OBJC_ARC = YES;
				CLANG_ENABLE_OBJC_WEAK = YES;
				CLANG_WARN_BLOCK_CAPTURE_AUTORELEASING = YES;
				CLANG_WARN_BOOL_CONVERSION = YES;
				CLANG_WARN_COMMA = YES;
				CLANG_WARN_CONSTANT_CONVERSION = YES;
				CLANG_WARN_DEPRECATED_OBJC_IMPLEMENTATIONS = YES;
				CLANG_WARN_DIRECT_OBJC_ISA_USAGE = YES_ERROR;
				CLANG_WARN_DOCUMENTATION_COMMENTS = YES;
				CLANG_WARN_EMPTY_BODY = YES;
				CLANG_WARN_ENUM_CONVERSION = YES;
				CLANG_WARN_INFINITE_RECURSION = YES;
				CLANG_WARN_INT_CONVERSION = YES;
				CLANG_WARN_NON_LITERAL_NULL_CONVERSION = YES;
				CLANG_WARN_OBJC_IMPLICIT_RETAIN_SELF = YES;
				CLANG_WARN_OBJC_LITERAL_CONVERSION = YES;
				CLANG_WARN_OBJC_ROOT_CLASS = YES_ERROR;
				CLANG_WARN_QUOTED_INCLUDE_IN_FRAMEWORK_HEADER = YES;
				CLANG_WARN_RANGE_LOOP_ANALYSIS = YES;
				CLANG_WARN_STRICT_PROTOTYPES = YES;
				CLANG_WARN_SUSPICIOUS_MOVE = YES;
				CLANG_WARN_UNGUARDED_AVAILABILITY = YES_AGGRESSIVE;
				CLANG_WARN_UNREACHABLE_CODE = YES;
				CLANG_WARN__DUPLICATE_METHOD_MATCH = YES;
				COPY_PHASE_STRIP = NO;
				DEBUG_INFORMATION_FORMAT = dwarf;
				ENABLE_STRICT_OBJC_MSGSEND = YES;
				ENABLE_TESTABILITY = YES;
				ENABLE_USER_SCRIPT_SANDBOXING = YES;
				GCC_C_LANGUAGE_STANDARD = gnu17;
				GCC_DYNAMIC_NO_PIC = NO;
				GCC_NO_COMMON_BLOCKS = YES;
				GCC_OPTIMIZATION_LEVEL = 0;
				GCC_PREPROCESSOR_DEFINITIONS = (
					"DEBUG=1",
					"$(inherited)",
				);
				GCC_WARN_64_TO_32_BIT_CONVERSION = YES;
				GCC_WARN_ABOUT_RETURN_TYPE = YES_ERROR;
				GCC_WARN_UNDECLARED_SELECTOR = YES;
				GCC_WARN_UNINITIALIZED_AUTOS = YES_AGGRESSIVE;
				GCC_WARN_UNUSED_FUNCTION = YES;
				GCC_WARN_UNUSED_VARIABLE = YES;
				IPHONEOS_DEPLOYMENT_TARGET = 17.0;
				LOCALIZATION_PREFERS_STRING_CATALOGS = YES;
				MTL_ENABLE_DEBUG_INFO = INCLUDE_SOURCE;
				MTL_FAST_MATH = YES;
				ONLY_ACTIVE_ARCH = YES;
				SDKROOT = iphoneos;
				SWIFT_ACTIVE_COMPILATION_CONDITIONS = "DEBUG $(inherited)";
				SWIFT_OPTIMIZATION_LEVEL = "-Onone";
			};
			name = Debug;
		};
		AE9C287C2B0F249700D64A76 /* Release */ = {
			isa = XCBuildConfiguration;
			buildSettings = {
				ALWAYS_SEARCH_USER_PATHS = NO;
				ASSETCATALOG_COMPILER_GENERATE_SWIFT_ASSET_SYMBOL_EXTENSIONS = YES;
				CLANG_ANALYZER_NONNULL = YES;
				CLANG_ANALYZER_NUMBER_OBJECT_CONVERSION = YES_AGGRESSIVE;
				CLANG_CXX_LANGUAGE_STANDARD = "gnu++20";
				CLANG_ENABLE_MODULES = YES;
				CLANG_ENABLE_OBJC_ARC = YES;
				CLANG_ENABLE_OBJC_WEAK = YES;
				CLANG_WARN_BLOCK_CAPTURE_AUTORELEASING = YES;
				CLANG_WARN_BOOL_CONVERSION = YES;
				CLANG_WARN_COMMA = YES;
				CLANG_WARN_CONSTANT_CONVERSION = YES;
				CLANG_WARN_DEPRECATED_OBJC_IMPLEMENTATIONS = YES;
				CLANG_WARN_DIRECT_OBJC_ISA_USAGE = YES_ERROR;
				CLANG_WARN_DOCUMENTATION_COMMENTS = YES;
				CLANG_WARN_EMPTY_BODY = YES;
				CLANG_WARN_ENUM_CONVERSION = YES;
				CLANG_WARN_INFINITE_RECURSION = YES;
				CLANG_WARN_INT_CONVERSION = YES;
				CLANG_WARN_NON_LITERAL_NULL_CONVERSION = YES;
				CLANG_WARN_OBJC_IMPLICIT_RETAIN_SELF = YES;
				CLANG_WARN_OBJC_LITERAL_CONVERSION = YES;
				CLANG_WARN_OBJC_ROOT_CLASS = YES_ERROR;
				CLANG_WARN_QUOTED_INCLUDE_IN_FRAMEWORK_HEADER = YES;
				CLANG_WARN_RANGE_LOOP_ANALYSIS = YES;
				CLANG_WARN_STRICT_PROTOTYPES = YES;
				CLANG_WARN_SUSPICIOUS_MOVE = YES;
				CLANG_WARN_UNGUARDED_AVAILABILITY = YES_AGGRESSIVE;
				CLANG_WARN_UNREACHABLE_CODE = YES;
				CLANG_WARN__DUPLICATE_METHOD_MATCH = YES;
				COPY_PHASE_STRIP = NO;
				DEBUG_INFORMATION_FORMAT = "dwarf-with-dsym";
				ENABLE_NS_ASSERTIONS = NO;
				ENABLE_STRICT_OBJC_MSGSEND = YES;
				ENABLE_USER_SCRIPT_SANDBOXING = YES;
				GCC_C_LANGUAGE_STANDARD = gnu17;
				GCC_NO_COMMON_BLOCKS = YES;
				GCC_WARN_64_TO_32_BIT_CONVERSION = YES;
				GCC_WARN_ABOUT_RETURN_TYPE = YES_ERROR;
				GCC_WARN_UNDECLARED_SELECTOR = YES;
				GCC_WARN_UNINITIALIZED_AUTOS = YES_AGGRESSIVE;
				GCC_WARN_UNUSED_FUNCTION = YES;
				GCC_WARN_UNUSED_VARIABLE = YES;
				IPHONEOS_DEPLOYMENT_TARGET = 17.0;
				LOCALIZATION_PREFERS_STRING_CATALOGS = YES;
				MTL_ENABLE_DEBUG_INFO = NO;
				MTL_FAST_MATH = YES;
				SDKROOT = iphoneos;
				SWIFT_COMPILATION_MODE = wholemodule;
				VALIDATE_PRODUCT = YES;
			};
			name = Release;
		};
		AE9C287E2B0F249700D64A76 /* Debug */ = {
			isa = XCBuildConfiguration;
			buildSettings = {
				ASSETCATALOG_COMPILER_APPICON_NAME = AppIcon;
				ASSETCATALOG_COMPILER_GLOBAL_ACCENT_COLOR_NAME = AccentColor;
				CODE_SIGN_STYLE = Automatic;
				CURRENT_PROJECT_VERSION = 1;
				GENERATE_INFOPLIST_FILE = YES;
				INFOPLIST_FILE = TestTableView/Info.plist;
				INFOPLIST_KEY_UIApplicationSupportsIndirectInputEvents = YES;
				INFOPLIST_KEY_UILaunchStoryboardName = LaunchScreen;
				INFOPLIST_KEY_UIMainStoryboardFile = Main;
				INFOPLIST_KEY_UISupportedInterfaceOrientations_iPad = "UIInterfaceOrientationPortrait UIInterfaceOrientationPortraitUpsideDown UIInterfaceOrientationLandscapeLeft UIInterfaceOrientationLandscapeRight";
				INFOPLIST_KEY_UISupportedInterfaceOrientations_iPhone = "UIInterfaceOrientationPortrait UIInterfaceOrientationLandscapeLeft UIInterfaceOrientationLandscapeRight";
				LD_RUNPATH_SEARCH_PATHS = (
					"$(inherited)",
					"@executable_path/Frameworks",
				);
				MARKETING_VERSION = 1.0;
				PRODUCT_BUNDLE_IDENTIFIER = nikhil.TestTableView;
				PRODUCT_NAME = "$(TARGET_NAME)";
				SWIFT_EMIT_LOC_STRINGS = YES;
				SWIFT_VERSION = 5.0;
				TARGETED_DEVICE_FAMILY = "1,2";
			};
			name = Debug;
		};
		AE9C287F2B0F249700D64A76 /* Release */ = {
			isa = XCBuildConfiguration;
			buildSettings = {
				ASSETCATALOG_COMPILER_APPICON_NAME = AppIcon;
				ASSETCATALOG_COMPILER_GLOBAL_ACCENT_COLOR_NAME = AccentColor;
				CODE_SIGN_STYLE = Automatic;
				CURRENT_PROJECT_VERSION = 1;
				GENERATE_INFOPLIST_FILE = YES;
				INFOPLIST_FILE = TestTableView/Info.plist;
				INFOPLIST_KEY_UIApplicationSupportsIndirectInputEvents = YES;
				INFOPLIST_KEY_UILaunchStoryboardName = LaunchScreen;
				INFOPLIST_KEY_UIMainStoryboardFile = Main;
				INFOPLIST_KEY_UISupportedInterfaceOrientations_iPad = "UIInterfaceOrientationPortrait UIInterfaceOrientationPortraitUpsideDown UIInterfaceOrientationLandscapeLeft UIInterfaceOrientationLandscapeRight";
				INFOPLIST_KEY_UISupportedInterfaceOrientations_iPhone = "UIInterfaceOrientationPortrait UIInterfaceOrientationLandscapeLeft UIInterfaceOrientationLandscapeRight";
				LD_RUNPATH_SEARCH_PATHS = (
					"$(inherited)",
					"@executable_path/Frameworks",
				);
				MARKETING_VERSION = 1.0;
				PRODUCT_BUNDLE_IDENTIFIER = nikhil.TestTableView;
				PRODUCT_NAME = "$(TARGET_NAME)";
				SWIFT_EMIT_LOC_STRINGS = YES;
				SWIFT_VERSION = 5.0;
				TARGETED_DEVICE_FAMILY = "1,2";
			};
			name = Release;
		};
/* End XCBuildConfiguration section */

/* Begin XCConfigurationList section */
		AE9C28642B0F249600D64A76 /* Build configuration list for PBXProject "TestTableView" */ = {
			isa = XCConfigurationList;
			buildConfigurations = (
				AE9C287B2B0F249700D64A76 /* Debug */,
				AE9C287C2B0F249700D64A76 /* Release */,
			);
			defaultConfigurationIsVisible = 0;
			defaultConfigurationName = Release;
		};
		AE9C287D2B0F249700D64A76 /* Build configuration list for PBXNativeTarget "TestTableView" */ = {
			isa = XCConfigurationList;
			buildConfigurations = (
				AE9C287E2B0F249700D64A76 /* Debug */,
				AE9C287F2B0F249700D64A76 /* Release */,
			);
			defaultConfigurationIsVisible = 0;
			defaultConfigurationName = Release;
		};
/* End XCConfigurationList section */
	};
	rootObject = AE9C28612B0F249600D64A76 /* Project object */;
}
